
Microsoft Visual Studio Solution File, Format Version 12.00
# Visual Studio Version 17
VisualStudioVersion = 17.8.34408.163
MinimumVisualStudioVersion = 10.0.40219.1
Project("{FAE04EC0-301F-11D3-BF4B-00C04F79EFBC}") = "Rotate", "Rotate\Rotate.csproj", "{3148A372-9D39-4D44-9D59-64A63F6E1371}"
EndProject
Global
	GlobalSection(SolutionConfigurationPlatforms) = preSolution
		Debug|Any CPU = Debug|Any CPU
		Release|Any CPU = Release|Any CPU
	EndGlobalSection
	GlobalSection(ProjectConfigurationPlatforms) = postSolution
		{3148A372-9D39-4D44-9D59-64A63F6E1371}.Debug|Any CPU.ActiveCfg = Debug|Any CPU
		{3148A372-9D39-4D44-9D59-64A63F6E1371}.Debug|Any CPU.Build.0 = Debug|Any CPU
		{3148A372-9D39-4D44-9D59-64A63F6E1371}.Release|Any CPU.ActiveCfg = Release|Any CPU
		{3148A372-9D39-4D44-9D59-64A63F6E1371}.Release|Any CPU.Build.0 = Release|Any CPU
	EndGlobalSection
	GlobalSection(SolutionProperties) = preSolution
		HideSolutionNode = FALSE
	EndGlobalSection
	GlobalSection(ExtensibilityGlobals) = postSolution
		SolutionGuid = {ABD977D6-620F-4576-A484-F02020AB6CA9}
	EndGlobalSection
EndGlobal
